
Microsoft Visual Studio Solution File, Format Version 12.00
# Visual Studio 14
VisualStudioVersion = 14.0.24720.0
MinimumVisualStudioVersion = 10.0.40219.1
Project("{FAE04EC0-301F-11D3-BF4B-00C04F79EFBC}") = "HtmlLabs", "HtmlLabs\HtmlLabs.csproj", "{7CCB3925-F97E-4656-B363-FF55253F3F71}"
EndProject
Project("{FAE04EC0-301F-11D3-BF4B-00C04F79EFBC}") = "Laboration1", "..\HTML\Laboration1\Laboration1\Laboration1.csproj", "{9407F135-75E7-4527-9223-0BF8BF39A43C}"
EndProject
Project("{FAE04EC0-301F-11D3-BF4B-00C04F79EFBC}") = "Laboration3", "..\HTML\Laboration1\Laboration3\Laboration3.csproj", "{2F3C8E4B-7373-4EBF-96B6-530B1E3427DE}"
EndProject
Project("{FAE04EC0-301F-11D3-BF4B-00C04F79EFBC}") = "Laboration2", "..\HTML\Laboration2\Laboration1\Laboration2.csproj", "{B30AFFA1-A237-4124-9883-2A5381B3B7DE}"
EndProject
Global
	GlobalSection(SolutionConfigurationPlatforms) = preSolution
		Debug|Any CPU = Debug|Any CPU
		Release|Any CPU = Release|Any CPU
	EndGlobalSection
	GlobalSection(ProjectConfigurationPlatforms) = postSolution
		{7CCB3925-F97E-4656-B363-FF55253F3F71}.Debug|Any CPU.ActiveCfg = Debug|Any CPU
		{7CCB3925-F97E-4656-B363-FF55253F3F71}.Debug|Any CPU.Build.0 = Debug|Any CPU
		{7CCB3925-F97E-4656-B363-FF55253F3F71}.Release|Any CPU.ActiveCfg = Release|Any CPU
		{7CCB3925-F97E-4656-B363-FF55253F3F71}.Release|Any CPU.Build.0 = Release|Any CPU
		{9407F135-75E7-4527-9223-0BF8BF39A43C}.Debug|Any CPU.ActiveCfg = Debug|Any CPU
		{9407F135-75E7-4527-9223-0BF8BF39A43C}.Debug|Any CPU.Build.0 = Debug|Any CPU
		{9407F135-75E7-4527-9223-0BF8BF39A43C}.Release|Any CPU.ActiveCfg = Release|Any CPU
		{9407F135-75E7-4527-9223-0BF8BF39A43C}.Release|Any CPU.Build.0 = Release|Any CPU
		{2F3C8E4B-7373-4EBF-96B6-530B1E3427DE}.Debug|Any CPU.ActiveCfg = Debug|Any CPU
		{2F3C8E4B-7373-4EBF-96B6-530B1E3427DE}.Debug|Any CPU.Build.0 = Debug|Any CPU
		{2F3C8E4B-7373-4EBF-96B6-530B1E3427DE}.Release|Any CPU.ActiveCfg = Release|Any CPU
		{2F3C8E4B-7373-4EBF-96B6-530B1E3427DE}.Release|Any CPU.Build.0 = Release|Any CPU
		{B30AFFA1-A237-4124-9883-2A5381B3B7DE}.Debug|Any CPU.ActiveCfg = Debug|Any CPU
		{B30AFFA1-A237-4124-9883-2A5381B3B7DE}.Debug|Any CPU.Build.0 = Debug|Any CPU
		{B30AFFA1-A237-4124-9883-2A5381B3B7DE}.Release|Any CPU.ActiveCfg = Release|Any CPU
		{B30AFFA1-A237-4124-9883-2A5381B3B7DE}.Release|Any CPU.Build.0 = Release|Any CPU
	EndGlobalSection
	GlobalSection(SolutionProperties) = preSolution
		HideSolutionNode = FALSE
	EndGlobalSection
EndGlobal
